# THIS IS AN AUTOGENERATED FILE. DO NOT EDIT THIS FILE DIRECTLY.
# yarn lockfile v1


fullpage.js@^2.9.4:
  version "2.9.4"
  resolved "https://npm.heyday.net.nz/fullpage.js/-/fullpage.js-2.9.4.tgz#b07de9c146c95c042d28a31e934b8faf334fa0e9"
  dependencies:
    jquery ">=1.6.0"

jquery@>=1.6.0:
  version "3.2.1"
  resolved "https://npm.heyday.net.nz/jquery/-/jquery-3.2.1.tgz#5c4d9de652af6cd0a770154a631bba12b015c787"
